dependencies:
  agent_dock_ui:
    dependencies: []
    source:
      path: agent_dock_ui
      type: local
    version: '*'
  board:
    dependencies:
    - name: espressif/esp_lcd_axs15231b
      public: true
      version: 2.1.*
    - name: espressif/esp_lcd_touch
      version: ^1
    source:
      path: components/board
      type: local
    version: '*'
  espressif/cmake_utilities:
    component_hash: 351350613ceafba240b761b4ea991e0f231ac7a9f59a9ee901f751bddc0bb18f
    dependencies:
    - name: idf
      require: private
      version: '>=4.1'
    source:
      registry_url: https://components.espressif.com
      type: service
    version: 0.5.3
  espressif/esp_lcd_axs15231b:
    component_hash: 47abf98f02d444dc03e9b67d82209f70f7e13b1c4a8b4310e4caee34913abb6b
    dependencies:
    - name: espressif/cmake_utilities
      registry_url: https://components.espressif.com
      require: private
      version: 0.*
    - name: espressif/esp_lcd_touch
      registry_url: https://components.espressif.com
      require: public
      version: ^1
    - name: idf
      require: private
      version: '>=5.3'
    source:
      registry_url: https://components.espressif.com/
      type: service
    version: 2.1.0
  espressif/esp_lcd_touch:
    component_hash: 3f85a7d95af876f1a6ecca8eb90a81614890d0f03a038390804e5a77e2caf862
    dependencies:
    - name: idf
      require: private
      version: '>=4.4.2'
    source:
      registry_url: https://components.espressif.com/
      type: service
    version: 1.2.1
  espressif/esp_lv_eaf_player:
    component_hash: 6fa8ddc9724f1718a1d5718add878ff6305928e0379e702b395e02d8c208ac5d
    dependencies:
    - name: espressif/cmake_utilities
      registry_url: https://components.espressif.com
      require: private
      version: 0.*
    - name: espressif/esp_new_jpeg
      registry_url: https://components.espressif.com
      require: private
      version: 1.*
    - name: idf
      require: private
      version: '>=5.5'
    - name: lvgl/lvgl
      registry_url: https://components.espressif.com
      require: private
      version: '>=8,<10'
    source:
      registry_url: https://components.espressif.com/
      type: service
    version: 0.3.0
  espressif/esp_new_jpeg:
    component_hash: e1e7e6991193c41ed6c9fc386702aa7821433319e7aa9c3147cd3236310cd69c
    dependencies: []
    source:
      registry_url: https://components.espressif.com
      type: service
    targets:
    - esp32
    - esp32s2
    - esp32s3
    - esp32s31
    - esp32p4
    - esp32c2
    - esp32c3
    - esp32c5
    - esp32c6
    - esp32c61
    - esp32h4
    version: 1.0.2
  idf:
    source:
      type: idf
    version: 6.0.2
  joltwallet/littlefs:
    component_hash: 3af20a3d75c49db9dc2286fd50862c34055c9f578419ad1f2bf7ed3ed01391fe
    dependencies:
    - name: idf
      require: private
      version: '>=5.0'
    source:
      registry_url: https://components.espressif.com/
      type: service
    version: 1.22.3
  lvgl/lvgl:
    component_hash: 17e68bfd21f0edf4c3ee838e2273da840bf3930e5dbc3bfa6c1190c3aed41f9f
    dependencies: []
    source:
      registry_url: https://components.espressif.com/
      type: service
    version: 9.4.0
  lvgl_port:
    dependencies:
    - name: board
      path: ../board
      public: true
    - name: lvgl/lvgl
      public: true
      version: 9.4.*
    source:
      path: components/lvgl_port
      type: local
    version: '*'
direct_dependencies:
- agent_dock_ui
- board
- espressif/esp_lcd_axs15231b
- espressif/esp_lcd_touch
- espressif/esp_lv_eaf_player
- joltwallet/littlefs
- lvgl/lvgl
- lvgl_port
manifest_hash: b38c8e0f74364dacb79afe55d8f226f6402a9de154022d4664fc915b90c543c6
target: esp32s3
version: 3.0.0
